{
  "name": "boltdollar-contracts",
  "lockfileVersion": 2,
  "requires": true,
  "packages": {
    "": {
      "dependencies": {
        "@pancakeswap/pancake-swap-lib": "^0.0.4"
      }
    },
    "node_modules/@pancakeswap/pancake-swap-lib": {
      "version": "0.0.4",
      "resolved": "https://registry.npmjs.org/@pancakeswap/pancake-swap-lib/-/pancake-swap-lib-0.0.4.tgz",
      "integrity": "sha512-efauTqrPQX0P2X159Z5YnAVNmD8jvFxei9iIbDU850MG7KuupfqNTfDoN2/dCMo2GomSFokG2MjW0GenZc4EFg==",
      "engines": {
        "node": ">=10"
      }
    }
  },
  "dependencies": {
    "@pancakeswap/pancake-swap-lib": {
      "version": "0.0.4",
      "resolved": "https://registry.npmjs.org/@pancakeswap/pancake-swap-lib/-/pancake-swap-lib-0.0.4.tgz",
      "integrity": "sha512-efauTqrPQX0P2X159Z5YnAVNmD8jvFxei9iIbDU850MG7KuupfqNTfDoN2/dCMo2GomSFokG2MjW0GenZc4EFg=="
    }
  }
}
